// !$*UTF8*$!
{
	archiveVersion = 1;
	classes = {
	};
	objectVersion = 50;
	objects = {

/* Begin PBXBuildFile section */
		811EEFD922109892003D4A67 /* AppDelegate.swift in Sources */ = {isa = PBXBuildFile; fileRef = 811EEFD822109892003D4A67 /* AppDelegate.swift */; };
		811EEFDB22109892003D4A67 /* ViewController.swift in Sources */ = {isa = PBXBuildFile; fileRef = 811EEFDA22109892003D4A67 /* ViewController.swift */; };
		811EEFDE22109892003D4A67 /* Main.storyboard in Resources */ = {isa = PBXBuildFile; fileRef = 811EEFDC22109892003D4A67 /* Main.storyboard */; };
		811EEFE022109898003D4A67 /* Assets.xcassets in Resources */ = {isa = PBXBuildFile; fileRef = 811EEFDF22109898003D4A67 /* Assets.xcassets */; };
		811EEFE322109898003D4A67 /* LaunchScreen.storyboard in Resources */ = {isa = PBXBuildFile; fileRef = 811EEFE122109898003D4A67 /* LaunchScreen.storyboard */; };
		811EEFEB22145800003D4A67 /* SettingsView.swift in Sources */ = {isa = PBXBuildFile; fileRef = 811EEFEA22145800003D4A67 /* SettingsView.swift */; };
		811EEFED22145812003D4A67 /* SettingsView.xib in Resources */ = {isa = PBXBuildFile; fileRef = 811EEFEC22145812003D4A67 /* SettingsView.xib */; };
		811EEFEF22180AB6003D4A67 /* SlidingBehavior.swift in Sources */ = {isa = PBXBuildFile; fileRef = 811EEFEE22180AB6003D4A67 /* SlidingBehavior.swift */; };
/* End PBXBuildFile section */

/* Begin PBXFileReference section */
		811EEFD522109892003D4A67 /* SlidingEffect.app */ = {isa = PBXFileReference; explicitFileType = wrapper.application; includeInIndex = 0; path = SlidingEffect.app; sourceTree = BUILT_PRODUCTS_DIR; };
		811EEFD822109892003D4A67 /* AppDelegate.swift */ = {isa = PBXFileReference; lastKnownFileType = sourcecode.swift; path = AppDelegate.swift; sourceTree = "<group>"; };
		811EEFDA22109892003D4A67 /* ViewController.swift */ = {isa = PBXFileReference; lastKnownFileType = sourcecode.swift; path = ViewController.swift; sourceTree = "<group>"; };
		811EEFDD22109892003D4A67 /* Base */ = {isa = PBXFileReference; lastKnownFileType = file.storyboard; name = Base; path = Base.lproj/Main.storyboard; sourceTree = "<group>"; };
		811EEFDF22109898003D4A67 /* Assets.xcassets */ = {isa = PBXFileReference; lastKnownFileType = folder.assetcatalog; path = Assets.xcassets; sourceTree = "<group>"; };
		811EEFE222109898003D4A67 /* Base */ = {isa = PBXFileReference; lastKnownFileType = file.storyboard; name = Base; path = Base.lproj/LaunchScreen.storyboard; sourceTree = "<group>"; };
		811EEFE422109898003D4A67 /* Info.plist */ = {isa = PBXFileReference; lastKnownFileType = text.plist.xml; path = Info.plist; sourceTree = "<group>"; };
		811EEFEA22145800003D4A67 /* SettingsView.swift */ = {isa = PBXFileReference; lastKnownFileType = sourcecode.swift; path = SettingsView.swift; sourceTree = "<group>"; };
		811EEFEC22145812003D4A67 /* SettingsView.xib */ = {isa = PBXFileReference; lastKnownFileType = file.xib; path = SettingsView.xib; sourceTree = "<group>"; };
		811EEFEE22180AB6003D4A67 /* SlidingBehavior.swift */ = {isa = PBXFileReference; lastKnownFileType = sourcecode.swift; path = SlidingBehavior.swift; sourceTree = "<group>"; };
/* End PBXFileReference section */

/* Begin PBXFrameworksBuildPhase section */
		811EEFD222109892003D4A67 /* Frameworks */ = {
			isa = PBXFrameworksBuildPhase;
			buildActionMask = 2147483647;
			files = (
			);
			runOnlyForDeploymentPostprocessing = 0;
		};
/* End PBXFrameworksBuildPhase section */

/* Begin PBXGroup section */
		811EEFCC22109892003D4A67 = {
			isa = PBXGroup;
			children = (
				811EEFD722109892003D4A67 /* SlidingEffect */,
				811EEFD622109892003D4A67 /* Products */,
			);
			sourceTree = "<group>";
		};
		811EEFD622109892003D4A67 /* Products */ = {
			isa = PBXGroup;
			children = (
				811EEFD522109892003D4A67 /* SlidingEffect.app */,
			);
			name = Products;
			sourceTree = "<group>";
		};
		811EEFD722109892003D4A67 /* SlidingEffect */ = {
			isa = PBXGroup;
			children = (
				811EEFD822109892003D4A67 /* AppDelegate.swift */,
				811EEFDA22109892003D4A67 /* ViewController.swift */,
				811EEFEA22145800003D4A67 /* SettingsView.swift */,
				811EEFEE22180AB6003D4A67 /* SlidingBehavior.swift */,
				811EEFEC22145812003D4A67 /* SettingsView.xib */,
				811EEFDC22109892003D4A67 /* Main.storyboard */,
				811EEFDF22109898003D4A67 /* Assets.xcassets */,
				811EEFE122109898003D4A67 /* LaunchScreen.storyboard */,
				811EEFE422109898003D4A67 /* Info.plist */,
			);
			path = SlidingEffect;
			sourceTree = "<group>";
		};
/* End PBXGroup section */

/* Begin PBXNativeTarget section */
		811EEFD422109892003D4A67 /* SlidingEffect */ = {
			isa = PBXNativeTarget;
			buildConfigurationList = 811EEFE722109898003D4A67 /* Build configuration list for PBXNativeTarget "SlidingEffect" */;
			buildPhases = (
				811EEFD122109892003D4A67 /* Sources */,
				811EEFD222109892003D4A67 /* Frameworks */,
				811EEFD322109892003D4A67 /* Resources */,
			);
			buildRules = (
			);
			dependencies = (
			);
			name = SlidingEffect;
			productName = PanGesture;
			productReference = 811EEFD522109892003D4A67 /* SlidingEffect.app */;
			productType = "com.apple.product-type.application";
		};
/* End PBXNativeTarget section */

/* Begin PBXProject section */
		811EEFCD22109892003D4A67 /* Project object */ = {
			isa = PBXProject;
			attributes = {
				LastSwiftUpdateCheck = 1010;
				LastUpgradeCheck = 1010;
				ORGANIZATIONNAME = jullianm;
				TargetAttributes = {
					811EEFD422109892003D4A67 = {
						CreatedOnToolsVersion = 10.1;
					};
				};
			};
			buildConfigurationList = 811EEFD022109892003D4A67 /* Build configuration list for PBXProject "SlidingEffect" */;
			compatibilityVersion = "Xcode 9.3";
			developmentRegion = en;
			hasScannedForEncodings = 0;
			knownRegions = (
				en,
				Base,
			);
			mainGroup = 811EEFCC22109892003D4A67;
			productRefGroup = 811EEFD622109892003D4A67 /* Products */;
			projectDirPath = "";
			projectRoot = "";
			targets = (
				811EEFD422109892003D4A67 /* SlidingEffect */,
			);
		};
/* End PBXProject section */

/* Begin PBXResourcesBuildPhase section */
		811EEFD322109892003D4A67 /* Resources */ = {
			isa = PBXResourcesBuildPhase;
			buildActionMask = 2147483647;
			files = (
				811EEFE322109898003D4A67 /* LaunchScreen.storyboard in Resources */,
				811EEFED22145812003D4A67 /* SettingsView.xib in Resources */,
				811EEFE022109898003D4A67 /* Assets.xcassets in Resources */,
				811EEFDE22109892003D4A67 /* Main.storyboard in Resources */,
			);
			runOnlyForDeploymentPostprocessing = 0;
		};
/* End PBXResourcesBuildPhase section */

/* Begin PBXSourcesBuildPhase section */
		811EEFD122109892003D4A67 /* Sources */ = {
			isa = PBXSourcesBuildPhase;
			buildActionMask = 2147483647;
			files = (
				811EEFEB22145800003D4A67 /* SettingsView.swift in Sources */,
				811EEFDB22109892003D4A67 /* ViewController.swift in Sources */,
				811EEFEF22180AB6003D4A67 /* SlidingBehavior.swift in Sources */,
				811EEFD922109892003D4A67 /* AppDelegate.swift in Sources */,
			);
			runOnlyForDeploymentPostprocessing = 0;
		};
/* End PBXSourcesBuildPhase section */

/* Begin PBXVariantGroup section */
		811EEFDC22109892003D4A67 /* Main.storyboard */ = {
			isa = PBXVariantGroup;
			children = (
				811EEFDD22109892003D4A67 /* Base */,
			);
			name = Main.storyboard;
			sourceTree = "<group>";
		};
		811EEFE122109898003D4A67 /* LaunchScreen.storyboard */ = {
			isa = PBXVariantGroup;
			children = (
				811EEFE222109898003D4A67 /* Base */,
			);
			name = LaunchScreen.storyboard;
			sourceTree = "<group>";
		};
/* End PBXVariantGroup section */

/* Begin XCBuildConfiguration section */
		811EEFE522109898003D4A67 /* Debug */ = {
			isa = XCBuildConfiguration;
			buildSettings = {
				ALWAYS_SEARCH_USER_PATHS = NO;
				CLANG_ANALYZER_NONNULL = YES;
				CLANG_ANALYZER_NUMBER_OBJECT_CONVERSION = YES_AGGRESSIVE;
				CLANG_CXX_LANGUAGE_STANDARD = "gnu++14";
				CLANG_CXX_LIBRARY = "libc++";
				CLANG_ENABLE_MODULES = YES;
				CLANG_ENABLE_OBJC_ARC = YES;
				CLANG_ENABLE_OBJC_WEAK = YES;
				CLANG_WARN_BLOCK_CAPTURE_AUTORELEASING = YES;
				CLANG_WARN_BOOL_CONVERSION = YES;
				CLANG_WARN_COMMA = YES;
				CLANG_WARN_CONSTANT_CONVERSION = YES;
				CLANG_WARN_DEPRECATED_OBJC_IMPLEMENTATIONS = YES;
				CLANG_WARN_DIRECT_OBJC_ISA_USAGE = YES_ERROR;
				CLANG_WARN_DOCUMENTATION_COMMENTS = YES;
				CLANG_WARN_EMPTY_BODY = YES;
				CLANG_WARN_ENUM_CONVERSION = YES;
				CLANG_WARN_INFINITE_RECURSION = YES;
				CLANG_WARN_INT_CONVERSION = YES;
				CLANG_WARN_NON_LITERAL_NULL_CONVERSION = YES;
				CLANG_WARN_OBJC_IMPLICIT_RETAIN_SELF = YES;
				CLANG_WARN_OBJC_LITERAL_CONVERSION = YES;
				CLANG_WARN_OBJC_ROOT_CLASS = YES_ERROR;
				CLANG_WARN_RANGE_LOOP_ANALYSIS = YES;
				CLANG_WARN_STRICT_PROTOTYPES = YES;
				CLANG_WARN_SUSPICIOUS_MOVE = YES;
				CLANG_WARN_UNGUARDED_AVAILABILITY = YES_AGGRESSIVE;
				CLANG_WARN_UNREACHABLE_CODE = YES;
				CLANG_WARN__DUPLICATE_METHOD_MATCH = YES;
				CODE_SIGN_IDENTITY = "iPhone Developer";
				COPY_PHASE_STRIP = NO;
				DEBUG_INFORMATION_FORMAT = dwarf;
				ENABLE_STRICT_OBJC_MSGSEND = YES;
				ENABLE_TESTABILITY = YES;
				GCC_C_LANGUAGE_STANDARD = gnu11;
				GCC_DYNAMIC_NO_PIC = NO;
				GCC_NO_COMMON_BLOCKS = YES;
				GCC_OPTIMIZATION_LEVEL = 0;
				GCC_PREPROCESSOR_DEFINITIONS = (
					"DEBUG=1",
					"$(inherited)",
				);
				GCC_WARN_64_TO_32_BIT_CONVERSION = YES;
				GCC_WARN_ABOUT_RETURN_TYPE = YES_ERROR;
				GCC_WARN_UNDECLARED_SELECTOR = YES;
				GCC_WARN_UNINITIALIZED_AUTOS = YES_AGGRESSIVE;
				GCC_WARN_UNUSED_FUNCTION = YES;
				GCC_WARN_UNUSED_VARIABLE = YES;
				IPHONEOS_DEPLOYMENT_TARGET = 12.1;
				MTL_ENABLE_DEBUG_INFO = INCLUDE_SOURCE;
				MTL_FAST_MATH = YES;
				ONLY_ACTIVE_ARCH = YES;
				SDKROOT = iphoneos;
				SWIFT_ACTIVE_COMPILATION_CONDITIONS = DEBUG;
				SWIFT_OPTIMIZATION_LEVEL = "-Onone";
			};
			name = Debug;
		};
		811EEFE622109898003D4A67 /* Release */ = {
			isa = XCBuildConfiguration;
			buildSettings = {
				ALWAYS_SEARCH_USER_PATHS = NO;
				CLANG_ANALYZER_NONNULL = YES;
				CLANG_ANALYZER_NUMBER_OBJECT_CONVERSION = YES_AGGRESSIVE;
				CLANG_CXX_LANGUAGE_STANDARD = "gnu++14";
				CLANG_CXX_LIBRARY = "libc++";
				CLANG_ENABLE_MODULES = YES;
				CLANG_ENABLE_OBJC_ARC = YES;
				CLANG_ENABLE_OBJC_WEAK = YES;
				CLANG_WARN_BLOCK_CAPTURE_AUTORELEASING = YES;
				CLANG_WARN_BOOL_CONVERSION = YES;
				CLANG_WARN_COMMA = YES;
				CLANG_WARN_CONSTANT_CONVERSION = YES;
				CLANG_WARN_DEPRECATED_OBJC_IMPLEMENTATIONS = YES;
				CLANG_WARN_DIRECT_OBJC_ISA_USAGE = YES_ERROR;
				CLANG_WARN_DOCUMENTATION_COMMENTS = YES;
				CLANG_WARN_EMPTY_BODY = YES;
				CLANG_WARN_ENUM_CONVERSION = YES;
				CLANG_WARN_INFINITE_RECURSION = YES;
				CLANG_WARN_INT_CONVERSION = YES;
				CLANG_WARN_NON_LITERAL_NULL_CONVERSION = YES;
				CLANG_WARN_OBJC_IMPLICIT_RETAIN_SELF = YES;
				CLANG_WARN_OBJC_LITERAL_CONVERSION = YES;
				CLANG_WARN_OBJC_ROOT_CLASS = YES_ERROR;
				CLANG_WARN_RANGE_LOOP_ANALYSIS = YES;
				CLANG_WARN_STRICT_PROTOTYPES = YES;
				CLANG_WARN_SUSPICIOUS_MOVE = YES;
				CLANG_WARN_UNGUARDED_AVAILABILITY = YES_AGGRESSIVE;
				CLANG_WARN_UNREACHABLE_CODE = YES;
				CLANG_WARN__DUPLICATE_METHOD_MATCH = YES;
				CODE_SIGN_IDENTITY = "iPhone Developer";
				COPY_PHASE_STRIP = NO;
				DEBUG_INFORMATION_FORMAT = "dwarf-with-dsym";
				ENABLE_NS_ASSERTIONS = NO;
				ENABLE_STRICT_OBJC_MSGSEND = YES;
				GCC_C_LANGUAGE_STANDARD = gnu11;
				GCC_NO_COMMON_BLOCKS = YES;
				GCC_WARN_64_TO_32_BIT_CONVERSION = YES;
				GCC_WARN_ABOUT_RETURN_TYPE = YES_ERROR;
				GCC_WARN_UNDECLARED_SELECTOR = YES;
				GCC_WARN_UNINITIALIZED_AUTOS = YES_AGGRESSIVE;
				GCC_WARN_UNUSED_FUNCTION = YES;
				GCC_WARN_UNUSED_VARIABLE = YES;
				IPHONEOS_DEPLOYMENT_TARGET = 12.1;
				MTL_ENABLE_DEBUG_INFO = NO;
				MTL_FAST_MATH = YES;
				SDKROOT = iphoneos;
				SWIFT_COMPILATION_MODE = wholemodule;
				SWIFT_OPTIMIZATION_LEVEL = "-O";
				VALIDATE_PRODUCT = YES;
			};
			name = Release;
		};
		811EEFE822109898003D4A67 /* Debug */ = {
			isa = XCBuildConfiguration;
			buildSettings = {
				ASSETCATALOG_COMPILER_APPICON_NAME = AppIcon;
				CODE_SIGN_STYLE = Automatic;
				DEVELOPMENT_TEAM = 43UT2JSNMP;
				INFOPLIST_FILE = "$(SRCROOT)/SlidingEffect/Info.plist";
				IPHONEOS_DEPLOYMENT_TARGET = 11.3;
				LD_RUNPATH_SEARCH_PATHS = (
					"$(inherited)",
					"@executable_path/Frameworks",
				);
				PRODUCT_BUNDLE_IDENTIFIER = jullian.SlidingEffect;
				PRODUCT_NAME = "$(TARGET_NAME)";
				SWIFT_VERSION = 4.2;
				TARGETED_DEVICE_FAMILY = "1,2";
			};
			name = Debug;
		};
		811EEFE922109898003D4A67 /* Release */ = {
			isa = XCBuildConfiguration;
			buildSettings = {
				ASSETCATALOG_COMPILER_APPICON_NAME = AppIcon;
				CODE_SIGN_STYLE = Automatic;
				DEVELOPMENT_TEAM = 43UT2JSNMP;
				INFOPLIST_FILE = "$(SRCROOT)/SlidingEffect/Info.plist";
				IPHONEOS_DEPLOYMENT_TARGET = 11.3;
				LD_RUNPATH_SEARCH_PATHS = (
					"$(inherited)",
					"@executable_path/Frameworks",
				);
				PRODUCT_BUNDLE_IDENTIFIER = jullian.SlidingEffect;
				PRODUCT_NAME = "$(TARGET_NAME)";
				SWIFT_VERSION = 4.2;
				TARGETED_DEVICE_FAMILY = "1,2";
			};
			name = Release;
		};
/* End XCBuildConfiguration section */

/* Begin XCConfigurationList section */
		811EEFD022109892003D4A67 /* Build configuration list for PBXProject "SlidingEffect" */ = {
			isa = XCConfigurationList;
			buildConfigurations = (
				811EEFE522109898003D4A67 /* Debug */,
				811EEFE622109898003D4A67 /* Release */,
			);
			defaultConfigurationIsVisible = 0;
			defaultConfigurationName = Release;
		};
		811EEFE722109898003D4A67 /* Build configuration list for PBXNativeTarget "SlidingEffect" */ = {
			isa = XCConfigurationList;
			buildConfigurations = (
				811EEFE822109898003D4A67 /* Debug */,
				811EEFE922109898003D4A67 /* Release */,
			);
			defaultConfigurationIsVisible = 0;
			defaultConfigurationName = Release;
		};
/* End XCConfigurationList section */
	};
	rootObject = 811EEFCD22109892003D4A67 /* Project object */;
}
